{
  "name": "theme-creator",
  "version": "0.1.0",
  "lockfileVersion": 1,
  "requires": true,
  "dependencies": {
    "redux-async-initial-state": {
      "version": "0.2.1",
      "resolved": "https://registry.npmjs.org/redux-async-initial-state/-/redux-async-initial-state-0.2.1.tgz",
      "integrity": "sha1-7oBzfmxlTvEt1NLipPs6shIdapI="
    }
  }
}
